
Microsoft Visual Studio Solution File, Format Version 12.00
# Visual Studio Version 17
VisualStudioVersion = 17.9.34723.18
MinimumVisualStudioVersion = 10.0.40219.1
Project("{FAE04EC0-301F-11D3-BF4B-00C04F79EFBC}") = "IgnatevaLanguage", "IgnatevaLanguage\IgnatevaLanguage.csproj", "{CFAB1550-631E-4952-B02E-5F6297173906}"
EndProject
Global
	GlobalSection(SolutionConfigurationPlatforms) = preSolution
		Debug|Any CPU = Debug|Any CPU
		Release|Any CPU = Release|Any CPU
	EndGlobalSection
	GlobalSection(ProjectConfigurationPlatforms) = postSolution
		{CFAB1550-631E-4952-B02E-5F6297173906}.Debug|Any CPU.ActiveCfg = Debug|Any CPU
		{CFAB1550-631E-4952-B02E-5F6297173906}.Debug|Any CPU.Build.0 = Debug|Any CPU
		{CFAB1550-631E-4952-B02E-5F6297173906}.Release|Any CPU.ActiveCfg = Release|Any CPU
		{CFAB1550-631E-4952-B02E-5F6297173906}.Release|Any CPU.Build.0 = Release|Any CPU
	EndGlobalSection
	GlobalSection(SolutionProperties) = preSolution
		HideSolutionNode = FALSE
	EndGlobalSection
	GlobalSection(ExtensibilityGlobals) = postSolution
		SolutionGuid = {DB5FC94F-865D-4712-92B8-10433C556AD0}
	EndGlobalSection
EndGlobal
